
Microsoft Visual Studio Solution File, Format Version 12.00
# Visual Studio Version 16
VisualStudioVersion = 16.0.34114.132
MinimumVisualStudioVersion = 10.0.40219.1
Project("{FAE04EC0-301F-11D3-BF4B-00C04F79EFBC}") = "CalcApi", "CalcApi\CalcApi.csproj", "{21FD0BA8-A517-486F-A434-2F44F4981BF9}"
EndProject
Global
	GlobalSection(SolutionConfigurationPlatforms) = preSolution
		Debug|Any CPU = Debug|Any CPU
		Release|Any CPU = Release|Any CPU
	EndGlobalSection
	GlobalSection(ProjectConfigurationPlatforms) = postSolution
		{21FD0BA8-A517-486F-A434-2F44F4981BF9}.Debug|Any CPU.ActiveCfg = Debug|Any CPU
		{21FD0BA8-A517-486F-A434-2F44F4981BF9}.Debug|Any CPU.Build.0 = Debug|Any CPU
		{21FD0BA8-A517-486F-A434-2F44F4981BF9}.Release|Any CPU.ActiveCfg = Release|Any CPU
		{21FD0BA8-A517-486F-A434-2F44F4981BF9}.Release|Any CPU.Build.0 = Release|Any CPU
	EndGlobalSection
	GlobalSection(SolutionProperties) = preSolution
		HideSolutionNode = FALSE
	EndGlobalSection
	GlobalSection(ExtensibilityGlobals) = postSolution
		SolutionGuid = {F8E4F2AE-F609-4934-8FCE-2E199B5B2254}
	EndGlobalSection
EndGlobal
